
Microsoft Visual Studio Solution File, Format Version 12.00
# Visual Studio Version 17
VisualStudioVersion = 17.4.33205.214
MinimumVisualStudioVersion = 10.0.40219.1
Project("{FAE04EC0-301F-11D3-BF4B-00C04F79EFBC}") = "BankTransactionsAPI", "BankTransactionsAPI\BankTransactionsAPI.csproj", "{E53B08D3-1122-4F5D-AC07-E2381FD44EDB}"
EndProject
Project("{2150E333-8FDC-42A3-9474-1A3956D46DE8}") = "Solution Items", "Solution Items", "{F2923AB3-1804-4B07-81B8-D4D371873D51}"
	ProjectSection(SolutionItems) = preProject
		.editorconfig = .editorconfig
	EndProjectSection
EndProject
Global
	GlobalSection(SolutionConfigurationPlatforms) = preSolution
		Debug|Any CPU = Debug|Any CPU
		Release|Any CPU = Release|Any CPU
	EndGlobalSection
	GlobalSection(ProjectConfigurationPlatforms) = postSolution
		{E53B08D3-1122-4F5D-AC07-E2381FD44EDB}.Debug|Any CPU.ActiveCfg = Debug|Any CPU
		{E53B08D3-1122-4F5D-AC07-E2381FD44EDB}.Debug|Any CPU.Build.0 = Debug|Any CPU
		{E53B08D3-1122-4F5D-AC07-E2381FD44EDB}.Release|Any CPU.ActiveCfg = Release|Any CPU
		{E53B08D3-1122-4F5D-AC07-E2381FD44EDB}.Release|Any CPU.Build.0 = Release|Any CPU
	EndGlobalSection
	GlobalSection(SolutionProperties) = preSolution
		HideSolutionNode = FALSE
	EndGlobalSection
	GlobalSection(ExtensibilityGlobals) = postSolution
		SolutionGuid = {F5189E07-733E-49EB-B822-379F01538700}
	EndGlobalSection
EndGlobal
